{
  "kernel/motorola/sm7250": {
    "url": "https://github.com/LineageOS/android_kernel_motorola_sm7250",
    "rev": "f26094ab329c75bbab6c7c4a2d5cb35e90c64055",
    "date": "2024-07-06T05:07:47-07:00",
    "path": "/nix/store/dhwhmk5lsz5j35k65zcxiip2v1n86id7-android_kernel_motorola_sm7250-f26094a",
    "hash": "sha256-w1lJzg7y9E4TB0+jdE641b9U2MR34H1U5PIEyGfDDPE=",
    "fetchLFS": false,
    "fetchSubmodules": false,
    "deepClone": false,
    "leaveDotGit": false
  },
  "hardware/xiaomi": {
    "url": "https://github.com/LineageOS/android_hardware_xiaomi",
    "rev": "dc4e80cf899eea53fde64fac3cfb91300c58b164",
    "date": "2024-12-25T19:27:41-05:00",
    "path": "/nix/store/5g7mafvmgsm1kdb2rn3m930lvs93zn2c-android_hardware_xiaomi-dc4e80c",
    "hash": "sha256-kji6Sc9wCUbAGOYx4OUD6yTbVmAKO1l2GDONWOammWc=",
    "fetchLFS": false,
    "fetchSubmodules": false,
    "deepClone": false,
    "leaveDotGit": false
  },
  "vendor/lge/alphaplus": {
    "url": "https://github.com/TheMuppets/proprietary_vendor_lge_alphaplus",
    "rev": "927736a43447208677183eba16ff992b93aead29",
    "date": "2024-09-12T20:05:06-07:00",
    "path": "/nix/store/yq6lw6p386scixlisa7bya5j6kai7v6z-proprietary_vendor_lge_alphaplus-927736a",
    "hash": "sha256-6Momhzkgk6p0oyBV3VngLxyN3+3cl8d0AxhucQ3ngj0=",
    "fetchLFS": false,
    "fetchSubmodules": false,
    "deepClone": false,
    "leaveDotGit": false
  },
  "vendor/nokia/NB1": {
    "url": "https://github.com/TheMuppets/proprietary_vendor_nokia_NB1",
    "rev": "804cc2e37a2271a5341e4fac44908be336132076",
    "date": "2024-10-01T23:34:50+07:00",
    "path": "/nix/store/g0yrkyg9n6zjyf5sdklg3x7jxrpfkk51-proprietary_vendor_nokia_NB1-804cc2e",
    "hash": "sha256-S/4paaIx28GKm7uJTCUOq28BgY5geEj+eMXGmysScPs=",
    "fetchLFS": false,
    "fetchSubmodules": false,
    "deepClone": false,
    "leaveDotGit": false
  },
  "kernel/nokia/msm8998": {
    "url": "https://github.com/LineageOS/android_kernel_nokia_msm8998",
    "rev": "fd91d454908b80ad2f90d09de8f920425a41e3ea",
    "date": "2024-10-11T04:17:22Z",
    "path": "/nix/store/jbc2syckwd75wg52yhynnsrh7v0anxb7-android_kernel_nokia_msm8998-fd91d45",
    "hash": "sha256-cFstQTyC7voOxLG6ePvpJcXDR9v8Ij5ze7RFUFHfzU8=",
    "fetchLFS": false,
    "fetchSubmodules": false,
    "deepClone": false,
    "leaveDotGit": false
  },
  "device/oneplus/billie": {
    "url": "https://github.com/LineageOS/android_device_oneplus_billie",
    "rev": "a211f397f173618de7e97cddb462bdbfcb02d474",
    "date": "2024-12-22T20:05:59+05:30",
    "path": "/nix/store/wri2yvsn1wj6gdfij6aay27shx0q9h00-android_device_oneplus_billie-a211f39",
    "hash": "sha256-z5kYIlcCYog80OFavwBHDSFQ98LtndIGDHqUMUdyD/w=",
    "fetchLFS": false,
    "fetchSubmodules": false,
    "deepClone": false,
    "leaveDotGit": false
  },
  "hardware/nubia": {
    "url": "https://github.com/LineageOS/android_hardware_nubia",
    "rev": "7b16f82381876db4c44eeed68b01d060b828b25c",
    "date": "2023-08-04T12:07:38+02:00",
    "path": "/nix/store/66d25a8lizdkvgq57hyxmwdy1gpd9s5a-android_hardware_nubia-7b16f82",
    "hash": "sha256-bJD/whjQctxs2sS7s9IrDjE2gt0rYn9R3vteHVjqW4c=",
    "fetchLFS": false,
    "fetchSubmodules": false,
    "deepClone": false,
    "leaveDotGit": false
  },
  "device/lge/flashlmdd": {
    "url": "https://github.com/LineageOS/android_device_lge_flashlmdd",
    "rev": "72af7e40f15fc247203a0f02a370f0c28eea1a4e",
    "date": "2024-09-13T10:46:45-07:00",
    "path": "/nix/store/ibwxfmj9pif9cd39y4lr2bg6494gd43f-android_device_lge_flashlmdd-72af7e4",
    "hash": "sha256-lEdUDNxK1gEK3tXZOwmlDRG+Y6EtolzcDrm/hgot1mU=",
    "fetchLFS": false,
    "fetchSubmodules": false,
    "deepClone": false,
    "leaveDotGit": false
  },
  "device/xiaomi/Mi8937": {
    "url": "https://github.com/LineageOS/android_device_xiaomi_Mi8937",
    "rev": "2f5ed0ea0273ed69352512c247a958ae5977931a",
    "date": "2024-07-08T01:23:24+08:00",
    "path": "/nix/store/y5kd7mg47795p9p7p3j4x23bsqqfjh9j-android_device_xiaomi_Mi8937-2f5ed0e",
    "hash": "sha256-R38Zfm4qN+BVgo9BRCf1DTnM4ME76UJJlXzsDunPxI0=",
    "fetchLFS": false,
    "fetchSubmodules": false,
    "deepClone": false,
    "leaveDotGit": false
  },
  "kernel/samsung/sdm429": {
    "url": "https://github.com/LineageOS/android_kernel_samsung_sdm429",
    "rev": "3e073cc4b22556c729b842552bc49be3c430617a",
    "date": "2025-02-23T15:26:42-08:00",
    "path": "/nix/store/5krc3r4hsdqyzjcb6x09s2v351qkdf14-android_kernel_samsung_sdm429-3e073cc",
    "hash": "sha256-pLeehu21qMYtNEZ0BI4HIz6GT+Q4eV/YMq2eKRX9W/Q=",
    "fetchLFS": false,
    "fetchSubmodules": false,
    "deepClone": false,
    "leaveDotGit": false
  },
  "vendor/nokia/msm8998-common": {
    "url": "https://github.com/TheMuppets/proprietary_vendor_nokia_msm8998-common",
    "rev": "0ed54252bfc3161bac5e40318b8a21081430f03b",
    "date": "2024-09-26T12:55:37+07:00",
    "path": "/nix/store/vfwml6a7xd81iyn9m2l0vg72iy34iwla-proprietary_vendor_nokia_msm8998-common-0ed5425",
    "hash": "sha256-jlRbQZaKfaH1324szWLmK4v4lRz3RyZUrKdWWNwu3ks=",
    "fetchLFS": false,
    "fetchSubmodules": false,
    "deepClone": false,
    "leaveDotGit": false
  },
  "vendor/lge/mh2lm": {
    "url": "https://github.com/TheMuppets/proprietary_vendor_lge_mh2lm",
    "rev": "c332600068dd1d746e4233e02fe345e7ecf97932",
    "date": "2024-09-12T15:10:14-07:00",
    "path": "/nix/store/2mbk244rqly0hbqyvfaxj6pr104ksrp9-proprietary_vendor_lge_mh2lm-c332600",
    "hash": "sha256-t8gmsVr4DfaS9dFgH4NAlnaKhWpLckFRuEpMtaD/yBE=",
    "fetchLFS": false,
    "fetchSubmodules": false,
    "deepClone": false,
    "leaveDotGit": false
  },
  "vendor/lge/betalm": {
    "url": "https://github.com/TheMuppets/proprietary_vendor_lge_betalm",
    "rev": "c3a136bd3eae9483515e1f4141a8588d491dfecd",
    "date": "2024-09-13T01:32:41-07:00",
    "path": "/nix/store/90lnl2i8ykgh24wcfdrkdlrfcsiq5kd6-proprietary_vendor_lge_betalm-c3a136b",
    "hash": "sha256-f+UjDxb2DT9s9QUEo9Sh64SRlb+kxFYL60ojZheEVhQ=",
    "fetchLFS": false,
    "fetchSubmodules": false,
    "deepClone": false,
    "leaveDotGit": false
  },
  "hardware/oplus": {
    "url": "https://github.com/LineageOS/android_hardware_oplus",
    "rev": "9449be8d3e9a2a908088ca36557b7c0eb3d2155f",
    "date": "2025-03-15T16:57:38Z",
    "path": "/nix/store/hmky2z0ahga6lgih1vlf4jz3bzf4dwcm-android_hardware_oplus-9449be8",
    "hash": "sha256-vDWjV+0ZxP9QSD5uzHuwWQZJ3dkqGQJ+sz4Jm3jG65I=",
    "fetchLFS": false,
    "fetchSubmodules": false,
    "deepClone": false,
    "leaveDotGit": false
  },
  "device/xiaomi/onclite": {
    "url": "https://github.com/LineageOS/android_device_xiaomi_onclite",
    "rev": "bb0a4088a0d5c49d49b2ff415000f9d9bba8ed19",
    "date": "2025-03-01T13:42:54+05:30",
    "path": "/nix/store/ab71l1vjb0k9954623dccimrcd6lfbrx-android_device_xiaomi_onclite-bb0a408",
    "hash": "sha256-ZWkLz4wnwaGUIab+kMWhRSRsWN+wNQTGZ9/trpCwVi0=",
    "fetchLFS": false,
    "fetchSubmodules": false,
    "deepClone": false,
    "leaveDotGit": false
  },
  "device/lge/sm8150-common": {
    "url": "https://github.com/LineageOS/android_device_lge_sm8150-common",
    "rev": "3bef9f1423fce58a4e603a6c84c50c29a26132e8",
    "date": "2024-09-16T00:06:03-07:00",
    "path": "/nix/store/p4975vvg7s4jylgf6iajqkwcvx06rnhi-android_device_lge_sm8150-common-3bef9f1",
    "hash": "sha256-mPnkyoFoBl8qcrMs2NkkttO0JVJNT6Aiv/4rnOpEQyk=",
    "fetchLFS": false,
    "fetchSubmodules": false,
    "deepClone": false,
    "leaveDotGit": false
  },
  "device/samsung/gtowifi": {
    "url": "https://github.com/LineageOS/android_device_samsung_gtowifi",
    "rev": "767a86205a0d4d56113283872af97f69f6229e7d",
    "date": "2024-09-15T15:23:28-07:00",
    "path": "/nix/store/yawssp04587swqnyvmzxn2q77qhadva5-android_device_samsung_gtowifi-767a862",
    "hash": "sha256-ujJNxVodTt8rUve9E88Y5ljojBTGQG5lJ/IIu9t/zmE=",
    "fetchLFS": false,
    "fetchSubmodules": false,
    "deepClone": false,
    "leaveDotGit": false
  },
  "hardware/samsung": {
    "url": "https://github.com/LineageOS/android_hardware_samsung",
    "rev": "f308c49cca83b3531c7eb1ae0b274bcf7b385951",
    "date": "2025-03-15T16:57:38Z",
    "path": "/nix/store/q1hpkk4rd6m782gy6pnk94l1xgmslpr0-android_hardware_samsung-f308c49",
    "hash": "sha256-xUQPWQnjk5N4Lel+yTbWzimI0we3AQ3l542G+EUedP0=",
    "fetchLFS": false,
    "fetchSubmodules": false,
    "deepClone": false,
    "leaveDotGit": false
  },
  "vendor/xiaomi/surya": {
    "url": "https://github.com/TheMuppets/proprietary_vendor_xiaomi_surya",
    "rev": "d6f0460f0039460f129760f182e4be7cd4123034",
    "date": "2025-01-24T02:17:00+03:30",
    "path": "/nix/store/6ch0md04y4w4i7yqa79857xr1qw0zsvv-proprietary_vendor_xiaomi_surya-d6f0460",
    "hash": "sha256-JO3m1OQLfJNXFqtf1P7H1L7cJJwG9KOUWEqHluyr0r4=",
    "fetchLFS": false,
    "fetchSubmodules": false,
    "deepClone": false,
    "leaveDotGit": false
  },
  "device/xiaomi/Mi439": {
    "url": "https://github.com/LineageOS/android_device_xiaomi_Mi439",
    "rev": "15dd3cba1972ae62f743aa84de92c95c46532b39",
    "date": "2024-11-30T22:43:09+08:00",
    "path": "/nix/store/n51khmdnvam63yz08p14ig4lhpp1f9f7-android_device_xiaomi_Mi439-15dd3cb",
    "hash": "sha256-Wcpe7BqIfag+hOO7cChOxhgcu0j4cO6fa544bJ61CgE=",
    "fetchLFS": false,
    "fetchSubmodules": false,
    "deepClone": false,
    "leaveDotGit": false
  },
  "device/nubia/nx611j": {
    "url": "https://github.com/LineageOS/android_device_nubia_nx611j",
    "rev": "a563b66786c32c10c197469e3c4da6573f06acdf",
    "date": "2024-11-30T22:46:57+08:00",
    "path": "/nix/store/p6v62h1ksa0crsaji4ay9bw3wqbplyan-android_device_nubia_nx611j-a563b66",
    "hash": "sha256-GjePmBhCd0ZqX2p4c+HmxLFITBMbWGCLzjBTydp3I9M=",
    "fetchLFS": false,
    "fetchSubmodules": false,
    "deepClone": false,
    "leaveDotGit": false
  },
  "kernel/xiaomi/msm8937": {
    "url": "https://github.com/LineageOS/android_kernel_xiaomi_msm8937",
    "rev": "a01fb1e0ee4a8f35b0c031a15ba57f7be5c0d921",
    "date": "2024-12-18T23:24:20+08:00",
    "path": "/nix/store/mb29p1mpzlanw0bkck1dkwzcdjamaql4-android_kernel_xiaomi_msm8937-a01fb1e",
    "hash": "sha256-z+X82+waV1YlXrmMw9eFAHd8iaO79KAz3cU8D3JxcLs=",
    "fetchLFS": false,
    "fetchSubmodules": false,
    "deepClone": false,
    "leaveDotGit": false
  },
  "kernel/xiaomi/onclite": {
    "url": "https://github.com/LineageOS/android_kernel_xiaomi_onclite",
    "rev": "8aab452e4acd7cb9bcbd173a3db0fec443b35521",
    "date": "2025-03-01T13:58:33+05:30",
    "path": "/nix/store/lm9cv2wms16ssr63999wz9xgpin6g2iq-android_kernel_xiaomi_onclite-8aab452",
    "hash": "sha256-ECFTNGXY78aZ7rjrUPyVPP7iRZa1+7gDxuHqvItClb0=",
    "fetchLFS": false,
    "fetchSubmodules": false,
    "deepClone": false,
    "leaveDotGit": false
  },
  "device/motorola/racer": {
    "url": "https://github.com/LineageOS/android_device_motorola_racer",
    "rev": "3e9e5fe3d61c5826947599624e2f7b173fdfd2bc",
    "date": "2024-11-20T10:39:25-08:00",
    "path": "/nix/store/s252pi54psji3rvldr51y1d9q7hj5nhj-android_device_motorola_racer-3e9e5fe",
    "hash": "sha256-kyxGT8PZXb64fyiFvYBN+VYrJyQfcnUHV8pcLUj4ewQ=",
    "fetchLFS": false,
    "fetchSubmodules": false,
    "deepClone": false,
    "leaveDotGit": false
  },
  "device/lge/mh2lm": {
    "url": "https://github.com/LineageOS/android_device_lge_mh2lm",
    "rev": "663203660fc2909d2e55424b172935a2406ad99e",
    "date": "2024-09-16T00:08:28-07:00",
    "path": "/nix/store/avg86ggfzbgpb6m21md31rlmlznr3rls-android_device_lge_mh2lm-6632036",
    "hash": "sha256-KUEv6jcF5i805kj1DPbaN6QcUVGd37MGP+fmnrkyz80=",
    "fetchLFS": false,
    "fetchSubmodules": false,
    "deepClone": false,
    "leaveDotGit": false
  },
  "device/motorola/sm7250-common": {
    "url": "https://github.com/LineageOS/android_device_motorola_sm7250-common",
    "rev": "542d1d7a57953db5a54101c622054b8eded90c22",
    "date": "2024-11-20T05:18:18-08:00",
    "path": "/nix/store/jj44fwrlw7zcg2ak815ama3qp7fh2vmx-android_device_motorola_sm7250-common-542d1d7",
    "hash": "sha256-wbwK206TExW3EhbqrTWA9OKhac5T1b37kOJwFOttEHo=",
    "fetchLFS": false,
    "fetchSubmodules": false,
    "deepClone": false,
    "leaveDotGit": false
  },
  "hardware/lge": {
    "url": "https://github.com/LineageOS/android_hardware_lge",
    "rev": "13aff2afe00f9f1d7861b83d94c236fe847a41a9",
    "date": "2025-03-15T16:57:37Z",
    "path": "/nix/store/209x54q70g4bmv1zmxv5xyqflnd80s4i-android_hardware_lge-13aff2a",
    "hash": "sha256-OhY475opUOTx6m4Wh1rldzmkrxCVQZCXtV/LQOvtPmQ=",
    "fetchLFS": false,
    "fetchSubmodules": false,
    "deepClone": false,
    "leaveDotGit": false
  },
  "device/oneplus/dre": {
    "url": "https://github.com/LineageOS/android_device_oneplus_dre",
    "rev": "8170f87b5355af0e6175b672e78fb22b59d571df",
    "date": "2025-03-10T13:42:11-07:00",
    "path": "/nix/store/vcjxn5is66pd7f58cvq9vfwgxfvj0ynj-android_device_oneplus_dre-8170f87",
    "hash": "sha256-t+mCus5vUDjxxahrI2pWcvt79yScwhqQV17nptETUkI=",
    "fetchLFS": false,
    "fetchSubmodules": false,
    "deepClone": false,
    "leaveDotGit": false
  },
  "device/nokia/NB1": {
    "url": "https://github.com/LineageOS/android_device_nokia_NB1",
    "rev": "e6945bdcad3bd8c9c22769670ff6b4547da2dfe4",
    "date": "2024-11-08T13:35:46Z",
    "path": "/nix/store/6dk7m1zrlky2mmk1x15sj1mjgvjvyqpc-android_device_nokia_NB1-e6945bd",
    "hash": "sha256-ivhXfDsEmVDMPB8FYw9OQ77xcnnnrFCP36ZLYySYbA8=",
    "fetchLFS": false,
    "fetchSubmodules": false,
    "deepClone": false,
    "leaveDotGit": false
  },
  "vendor/lge/flashlmdd": {
    "url": "https://github.com/TheMuppets/proprietary_vendor_lge_flashlmdd",
    "rev": "3b77ae219d6c3f446486fb6cc4b714a6925c6eb9",
    "date": "2024-09-13T17:10:32-07:00",
    "path": "/nix/store/fk94lxzp35dz482k47bn5fqx71q5fwgh-proprietary_vendor_lge_flashlmdd-3b77ae2",
    "hash": "sha256-sKNbeh9AjCMfGcpWAtj67LXVGtuZc3qVIlkXi1dGJTY=",
    "fetchLFS": false,
    "fetchSubmodules": false,
    "deepClone": false,
    "leaveDotGit": false
  },
  "kernel/xiaomi/surya": {
    "url": "https://github.com/LineageOS/android_kernel_xiaomi_surya",
    "rev": "acabb3a9f116f7e79ba5ac48cfa945f82753c739",
    "date": "2025-01-19T10:57:36+03:30",
    "path": "/nix/store/c0dwyxpj64pnsvklqj1z0xpkbfsqm2a1-android_kernel_xiaomi_surya-acabb3a",
    "hash": "sha256-RXDMUXK6s4rbib+A2M7miKjIhArhn71+IiH6FffB9Ps=",
    "fetchLFS": false,
    "fetchSubmodules": false,
    "deepClone": false,
    "leaveDotGit": false
  },
  "kernel/lge/sm8150": {
    "url": "https://github.com/LineageOS/android_kernel_lge_sm8150",
    "rev": "d4f335e13d73c4aa2af85581a6ec11b670ee5b94",
    "date": "2025-03-15T20:47:12-07:00",
    "path": "/nix/store/46g0852fck3lk9lydbkzk5v0vr50vgpc-android_kernel_lge_sm8150-d4f335e",
    "hash": "sha256-0PYAcnghZSmL9XrbwfY2REfHxSSvrVFHZouUAaV5ZVg=",
    "fetchLFS": false,
    "fetchSubmodules": false,
    "deepClone": false,
    "leaveDotGit": false
  },
  "system/qcom": {
    "url": "https://github.com/LineageOS/android_system_qcom",
    "rev": "01b63e146b3c9740b7662ffdd9a4d1dc86ac3a0c",
    "date": "2024-06-12T04:34:59+03:00",
    "path": "/nix/store/43ldykcfmikdqnp0f5anmh0fv9421z2q-android_system_qcom-01b63e1",
    "hash": "sha256-p8Gw29hm7NOnqljwGf14VHZ+ytn6pJQWiGtgN2/piSo=",
    "fetchLFS": false,
    "fetchSubmodules": false,
    "deepClone": false,
    "leaveDotGit": false
  },
  "device/lge/betalm": {
    "url": "https://github.com/LineageOS/android_device_lge_betalm",
    "rev": "f1779057536b3d2875cbbe7d643b1227a11ea907",
    "date": "2024-09-13T10:16:06-07:00",
    "path": "/nix/store/my00w481vqy9ppqyas38xgrl8w4xmcxx-android_device_lge_betalm-f177905",
    "hash": "sha256-zPMfquO81JI4WtSDwr9q8gzBlFBn2WVDUFJ/tZ1/gCo=",
    "fetchLFS": false,
    "fetchSubmodules": false,
    "deepClone": false,
    "leaveDotGit": false
  },
  "device/nokia/msm8998-common": {
    "url": "https://github.com/LineageOS/android_device_nokia_msm8998-common",
    "rev": "b09f7c10653a80c920ebffe84149bc7c00e482fb",
    "date": "2024-09-30T00:13:42+07:00",
    "path": "/nix/store/7x8g8gnbw6jpzjyv575likzyqxajp6wv-android_device_nokia_msm8998-common-b09f7c1",
    "hash": "sha256-ziuO2QeYILVwxdGh73KAL6MCkQ28hdy7h4dIflIB/NQ=",
    "fetchLFS": false,
    "fetchSubmodules": false,
    "deepClone": false,
    "leaveDotGit": false
  },
  "device/lge/alphaplus": {
    "url": "https://github.com/LineageOS/android_device_lge_alphaplus",
    "rev": "5bb17aeebcaf884162af1e7f0ed5ac079f9a9e21",
    "date": "2025-01-23T01:41:38-08:00",
    "path": "/nix/store/g5yqr3vm5iy9lidmkbd9v0sij3lzxj4x-android_device_lge_alphaplus-5bb17ae",
    "hash": "sha256-9OmfxSY4Op4rmq9DzEsrhlexhRxlsX3FRK7Svfl5cic=",
    "fetchLFS": false,
    "fetchSubmodules": false,
    "deepClone": false,
    "leaveDotGit": false
  },
  "device/xiaomi/mithorium-common": {
    "url": "https://github.com/LineageOS/android_device_xiaomi_mithorium-common",
    "rev": "8322ec0b3df8a0914b0ab728d7c65a65b5ad3ab7",
    "date": "2024-09-20T23:23:53+08:00",
    "path": "/nix/store/sgln60ynbh9wrzx5hifc3kf5ka9xalf6-android_device_xiaomi_mithorium-common-8322ec0",
    "hash": "sha256-FG6ap06Soi3h9qvYacyv3YrgvfLLVVGx56kmV/b59jE=",
    "fetchLFS": false,
    "fetchSubmodules": false,
    "deepClone": false,
    "leaveDotGit": false
  },
  "kernel/oneplus/sm4350": {
    "url": "https://github.com/LineageOS/android_kernel_oneplus_sm4350",
    "rev": "016a3a12230fb099cdcf25315ff3860f06c25727",
    "date": "2024-10-30T16:30:22-05:00",
    "path": "/nix/store/yd6s3mm4pd12sfbjfb4j68xgb2191dca-android_kernel_oneplus_sm4350-016a3a1",
    "hash": "sha256-taOVs6jAx3IL1NptQPQcnXjtlKU0nMKYguJIQmxxo80=",
    "fetchLFS": false,
    "fetchSubmodules": false,
    "deepClone": false,
    "leaveDotGit": false
  },
  "vendor/oneplus/dre": {
    "url": "https://github.com/TheMuppets/proprietary_vendor_oneplus_dre",
    "rev": "c058c3154ccfdcc3a285186b6b81ac1a9c348bea",
    "date": "2024-09-22T10:19:21-05:00",
    "path": "/nix/store/2shhma55i4dwk60hnzhmbjb420cskdf2-proprietary_vendor_oneplus_dre-c058c31",
    "hash": "sha256-o5Kld1RpYX7Nis69lvI1olCez6VMBcMPR2z3W8gGORQ=",
    "fetchLFS": false,
    "fetchSubmodules": false,
    "deepClone": false,
    "leaveDotGit": false
  },
  "vendor/oneplus/billie": {
    "url": "https://github.com/TheMuppets/proprietary_vendor_oneplus_billie",
    "rev": "62e7a654ba2095513e706c2de292bb02ed42a55a",
    "date": "2024-08-14T16:52:30+05:30",
    "path": "/nix/store/b9xf9rfv94lyybdzwfpkfpd3jq2jjqgp-proprietary_vendor_oneplus_billie-62e7a65",
    "hash": "sha256-UGVXETtcaIN5qjWp7yog44wDN1TCIczM+e4LzVoMowo=",
    "fetchLFS": false,
    "fetchSubmodules": false,
    "deepClone": false,
    "leaveDotGit": false
  },
  "vendor/lge/sm8150-common": {
    "url": "https://github.com/TheMuppets/proprietary_vendor_lge_sm8150-common",
    "rev": "63c9667f524c455d7740c45ccb4d5925411e4458",
    "date": "2024-09-12T22:25:50-07:00",
    "path": "/nix/store/gp31vcra17gar148b0da0pjd5m43dgiy-proprietary_vendor_lge_sm8150-common-63c9667",
    "hash": "sha256-6Qyz9u8KhXDdvDbWc4N+6JDfLCh8sz4piVjGnZeTtyI=",
    "fetchLFS": false,
    "fetchSubmodules": false,
    "deepClone": false,
    "leaveDotGit": false
  },
  "kernel/nubia/sdm660": {
    "url": "https://github.com/LineageOS/android_kernel_nubia_sdm660",
    "rev": "52de51c8c61141f2ed9edc4a09c018bb8d3744d5",
    "date": "2024-11-30T23:34:36+08:00",
    "path": "/nix/store/xlgmd436ck7nviynb7jq4wxxs64zd2di-android_kernel_nubia_sdm660-52de51c",
    "hash": "sha256-Dr0BReAINPEAe+wP+VKsit11/sN0spYeny2yLcKjgCM=",
    "fetchLFS": false,
    "fetchSubmodules": false,
    "deepClone": false,
    "leaveDotGit": false
  },
  "device/xiaomi/surya": {
    "url": "https://github.com/LineageOS/android_device_xiaomi_surya",
    "rev": "8f42e859920e96a56c08adb1a59a79d08d47e4cc",
    "date": "2025-01-24T12:10:25+03:30",
    "path": "/nix/store/xcy88jfk9csq5and5klxm71ab19msg8d-android_device_xiaomi_surya-8f42e85",
    "hash": "sha256-aANLBh5xsblccVQrFYbFedwrv/aKeVXr6C02QSttf0c=",
    "fetchLFS": false,
    "fetchSubmodules": false,
    "deepClone": false,
    "leaveDotGit": false
  },
  "hardware/motorola": {
    "url": "https://github.com/LineageOS/android_hardware_motorola",
    "rev": "e1448090113c7fcdf455b50ef9e8f0cb6793ded1",
    "date": "2024-08-18T17:10:29-05:00",
    "path": "/nix/store/ixh0z87ayqzfxwaz1p79pv44h4kwfp5x-android_hardware_motorola-e144809",
    "hash": "sha256-cMikcomoyXpMEcogc4aLIAOlNMmxn0/e8wmDM7KlHFo=",
    "fetchLFS": false,
    "fetchSubmodules": false,
    "deepClone": false,
    "leaveDotGit": false
  },
  "hardware/oneplus": {
    "url": "https://github.com/LineageOS/android_hardware_oneplus",
    "rev": "4b40a952f616bfcf6a81b9977dc3d8fd2547e742",
    "date": "2025-03-15T16:57:38Z",
    "path": "/nix/store/klm7780m86y5b17jby9x1qzksnipfpxd-android_hardware_oneplus-4b40a95",
    "hash": "sha256-V4ReH6911ObnFy/veTqh1Kys+MIMpeFQSsklutaz1PM=",
    "fetchLFS": false,
    "fetchSubmodules": false,
    "deepClone": false,
    "leaveDotGit": false
  },
  "kernel/oneplus/sm6350": {
    "url": "https://github.com/LineageOS/android_kernel_oneplus_sm6350",
    "rev": "241c9d218b2a4c5120fcc95e5386ff2b6b0b2444",
    "date": "2024-11-26T20:02:30+05:30",
    "path": "/nix/store/8gjk71wlxvpk8fs6wi477bv1rs2zzbsi-android_kernel_oneplus_sm6350-241c9d2",
    "hash": "sha256-KAWq14JhbGczM2KF1sdUrkmpXM96hvt76k9BjN1DJAk=",
    "fetchLFS": false,
    "fetchSubmodules": false,
    "deepClone": false,
    "leaveDotGit": false
  },
  "device/xiaomi/Mi8917": {
    "url": "https://github.com/LineageOS/android_device_xiaomi_Mi8917",
    "rev": "272ba91ffe051adcc7e2497fe3fe1a9763646e95",
    "date": "2024-03-29T01:14:23+08:00",
    "path": "/nix/store/653dzdhvcsr07hdycd7pspp2gz2j1d6p-android_device_xiaomi_Mi8917-272ba91",
    "hash": "sha256-wQYBpp2ghev8OCvRNfiNgG7dsZKa8heHjg7z/e9hV50=",
    "fetchLFS": false,
    "fetchSubmodules": false,
    "deepClone": false,
    "leaveDotGit": false
  }
}